
Microsoft Visual Studio Solution File, Format Version 12.00
# Visual Studio Version 17
VisualStudioVersion = 17.0.32126.317
MinimumVisualStudioVersion = 10.0.40219.1
Project("{FAE04EC0-301F-11D3-BF4B-00C04F79EFBC}") = "ExamPreparation", "ExamPreparation\ExamPreparation.csproj", "{06A0D4DB-1124-4ABA-87F4-22690777375C}"
EndProject
Global
	GlobalSection(SolutionConfigurationPlatforms) = preSolution
		Debug|Any CPU = Debug|Any CPU
		Release|Any CPU = Release|Any CPU
	EndGlobalSection
	GlobalSection(ProjectConfigurationPlatforms) = postSolution
		{06A0D4DB-1124-4ABA-87F4-22690777375C}.Debug|Any CPU.ActiveCfg = Debug|Any CPU
		{06A0D4DB-1124-4ABA-87F4-22690777375C}.Debug|Any CPU.Build.0 = Debug|Any CPU
		{06A0D4DB-1124-4ABA-87F4-22690777375C}.Release|Any CPU.ActiveCfg = Release|Any CPU
		{06A0D4DB-1124-4ABA-87F4-22690777375C}.Release|Any CPU.Build.0 = Release|Any CPU
	EndGlobalSection
	GlobalSection(SolutionProperties) = preSolution
		HideSolutionNode = FALSE
	EndGlobalSection
	GlobalSection(ExtensibilityGlobals) = postSolution
		SolutionGuid = {6BBBD1C8-A82A-4A35-A480-5A847BCF898C}
	EndGlobalSection
EndGlobal
